
Microsoft Visual Studio Solution File, Format Version 12.00
# Visual Studio Version 17
VisualStudioVersion = 17.5.33414.496
MinimumVisualStudioVersion = 10.0.40219.1
Project("{8BC9CEB8-8B4A-11D0-8D11-00A0C91BC942}") = "N皇后", "N皇后\N皇后.vcxproj", "{8B1CA753-BAD5-4DD1-8FD2-5CD3855C5A70}"
EndProject
Global
	GlobalSection(SolutionConfigurationPlatforms) = preSolution
		Debug|x64 = Debug|x64
		Debug|x86 = Debug|x86
		Release|x64 = Release|x64
		Release|x86 = Release|x86
	EndGlobalSection
	GlobalSection(ProjectConfigurationPlatforms) = postSolution
		{8B1CA753-BAD5-4DD1-8FD2-5CD3855C5A70}.Debug|x64.ActiveCfg = Debug|x64
		{8B1CA753-BAD5-4DD1-8FD2-5CD3855C5A70}.Debug|x64.Build.0 = Debug|x64
		{8B1CA753-BAD5-4DD1-8FD2-5CD3855C5A70}.Debug|x86.ActiveCfg = Debug|Win32
		{8B1CA753-BAD5-4DD1-8FD2-5CD3855C5A70}.Debug|x86.Build.0 = Debug|Win32
		{8B1CA753-BAD5-4DD1-8FD2-5CD3855C5A70}.Release|x64.ActiveCfg = Release|x64
		{8B1CA753-BAD5-4DD1-8FD2-5CD3855C5A70}.Release|x64.Build.0 = Release|x64
		{8B1CA753-BAD5-4DD1-8FD2-5CD3855C5A70}.Release|x86.ActiveCfg = Release|Win32
		{8B1CA753-BAD5-4DD1-8FD2-5CD3855C5A70}.Release|x86.Build.0 = Release|Win32
	EndGlobalSection
	GlobalSection(SolutionProperties) = preSolution
		HideSolutionNode = FALSE
	EndGlobalSection
	GlobalSection(ExtensibilityGlobals) = postSolution
		SolutionGuid = {36055DCB-B523-4639-B248-E42EA333E509}
	EndGlobalSection
EndGlobal
